
Microsoft Visual Studio Solution File, Format Version 12.00
# Visual Studio Version 17
VisualStudioVersion = 17.0.32014.148
MinimumVisualStudioVersion = 10.0.40219.1
Project("{FAE04EC0-301F-11D3-BF4B-00C04F79EFBC}") = "Restaurant-Api", "Restaurant-Api\Restaurant-Api.csproj", "{A8CE85D4-0587-4D14-828A-0DB08F5BF401}"
EndProject
Global
	GlobalSection(SolutionConfigurationPlatforms) = preSolution
		Debug|Any CPU = Debug|Any CPU
		Release|Any CPU = Release|Any CPU
	EndGlobalSection
	GlobalSection(ProjectConfigurationPlatforms) = postSolution
		{A8CE85D4-0587-4D14-828A-0DB08F5BF401}.Debug|Any CPU.ActiveCfg = Debug|Any CPU
		{A8CE85D4-0587-4D14-828A-0DB08F5BF401}.Debug|Any CPU.Build.0 = Debug|Any CPU
		{A8CE85D4-0587-4D14-828A-0DB08F5BF401}.Release|Any CPU.ActiveCfg = Release|Any CPU
		{A8CE85D4-0587-4D14-828A-0DB08F5BF401}.Release|Any CPU.Build.0 = Release|Any CPU
	EndGlobalSection
	GlobalSection(SolutionProperties) = preSolution
		HideSolutionNode = FALSE
	EndGlobalSection
	GlobalSection(ExtensibilityGlobals) = postSolution
		SolutionGuid = {14E7A824-902E-4C9C-BB25-DE63DAA0BF2E}
	EndGlobalSection
EndGlobal
